
Microsoft Visual Studio Solution File, Format Version 12.00
# Visual Studio Version 16
VisualStudioVersion = 16.0.31321.278
MinimumVisualStudioVersion = 10.0.40219.1
Project("{FAE04EC0-301F-11D3-BF4B-00C04F79EFBC}") = "Buffer", "Buffer\Buffer.csproj", "{8531B8AC-32F8-40BB-A216-6CB199628939}"
EndProject
Global
	GlobalSection(SolutionConfigurationPlatforms) = preSolution
		Debug|Any CPU = Debug|Any CPU
		Release|Any CPU = Release|Any CPU
	EndGlobalSection
	GlobalSection(ProjectConfigurationPlatforms) = postSolution
		{8531B8AC-32F8-40BB-A216-6CB199628939}.Debug|Any CPU.ActiveCfg = Debug|Any CPU
		{8531B8AC-32F8-40BB-A216-6CB199628939}.Debug|Any CPU.Build.0 = Debug|Any CPU
		{8531B8AC-32F8-40BB-A216-6CB199628939}.Release|Any CPU.ActiveCfg = Release|Any CPU
		{8531B8AC-32F8-40BB-A216-6CB199628939}.Release|Any CPU.Build.0 = Release|Any CPU
	EndGlobalSection
	GlobalSection(SolutionProperties) = preSolution
		HideSolutionNode = FALSE
	EndGlobalSection
	GlobalSection(ExtensibilityGlobals) = postSolution
		SolutionGuid = {2072766F-15F4-437F-8836-328B4073F74A}
	EndGlobalSection
EndGlobal
